// !$*UTF8*$!
{
	archiveVersion = 1;
	classes = {
	};
	objectVersion = 56;
	objects = {

/* Begin PBXBuildFile section */
		BB46A4792A5FC71400ACB5D8 /* ToDoViewController.swift in Sources */ = {isa = PBXBuildFile; fileRef = BB46A4782A5FC71400ACB5D8 /* ToDoViewController.swift */; };
		BB46A47B2A5FC98B00ACB5D8 /* ToDoTableCellView.swift in Sources */ = {isa = PBXBuildFile; fileRef = BB46A47A2A5FC98B00ACB5D8 /* ToDoTableCellView.swift */; };
		BB46A47D2A5FCA7200ACB5D8 /* ToDoItem.swift in Sources */ = {isa = PBXBuildFile; fileRef = BB46A47C2A5FCA7200ACB5D8 /* ToDoItem.swift */; };
		BB46A47F2A5FD21200ACB5D8 /* AddToDoViewController.swift in Sources */ = {isa = PBXBuildFile; fileRef = BB46A47E2A5FD21200ACB5D8 /* AddToDoViewController.swift */; };
		BB542AB32A5FBEFA00271C1D /* AppDelegate.swift in Sources */ = {isa = PBXBuildFile; fileRef = BB542AB22A5FBEFA00271C1D /* AppDelegate.swift */; };
		BB542AB72A5FBEFB00271C1D /* Assets.xcassets in Resources */ = {isa = PBXBuildFile; fileRef = BB542AB62A5FBEFB00271C1D /* Assets.xcassets */; };
		BB542ABA2A5FBEFB00271C1D /* Main.storyboard in Resources */ = {isa = PBXBuildFile; fileRef = BB542AB82A5FBEFB00271C1D /* Main.storyboard */; };
/* End PBXBuildFile section */

/* Begin PBXFileReference section */
		BB46A4782A5FC71400ACB5D8 /* ToDoViewController.swift */ = {isa = PBXFileReference; lastKnownFileType = sourcecode.swift; path = ToDoViewController.swift; sourceTree = "<group>"; };
		BB46A47A2A5FC98B00ACB5D8 /* ToDoTableCellView.swift */ = {isa = PBXFileReference; lastKnownFileType = sourcecode.swift; path = ToDoTableCellView.swift; sourceTree = "<group>"; };
		BB46A47C2A5FCA7200ACB5D8 /* ToDoItem.swift */ = {isa = PBXFileReference; lastKnownFileType = sourcecode.swift; path = ToDoItem.swift; sourceTree = "<group>"; };
		BB46A47E2A5FD21200ACB5D8 /* AddToDoViewController.swift */ = {isa = PBXFileReference; lastKnownFileType = sourcecode.swift; path = AddToDoViewController.swift; sourceTree = "<group>"; };
		BB542AAF2A5FBEFA00271C1D /* Go-ToDo.app */ = {isa = PBXFileReference; explicitFileType = wrapper.application; includeInIndex = 0; path = "Go-ToDo.app"; sourceTree = BUILT_PRODUCTS_DIR; };
		BB542AB22A5FBEFA00271C1D /* AppDelegate.swift */ = {isa = PBXFileReference; lastKnownFileType = sourcecode.swift; path = AppDelegate.swift; sourceTree = "<group>"; };
		BB542AB62A5FBEFB00271C1D /* Assets.xcassets */ = {isa = PBXFileReference; lastKnownFileType = folder.assetcatalog; path = Assets.xcassets; sourceTree = "<group>"; };
		BB542AB92A5FBEFB00271C1D /* Base */ = {isa = PBXFileReference; lastKnownFileType = file.storyboard; name = Base; path = Base.lproj/Main.storyboard; sourceTree = "<group>"; };
		BB542ABB2A5FBEFB00271C1D /* Go_ToDo.entitlements */ = {isa = PBXFileReference; lastKnownFileType = text.plist.entitlements; path = Go_ToDo.entitlements; sourceTree = "<group>"; };
/* End PBXFileReference section */

/* Begin PBXFrameworksBuildPhase section */
		BB542AAC2A5FBEFA00271C1D /* Frameworks */ = {
			isa = PBXFrameworksBuildPhase;
			buildActionMask = 2147483647;
			files = (
			);
			runOnlyForDeploymentPostprocessing = 0;
		};
/* End PBXFrameworksBuildPhase section */

/* Begin PBXGroup section */
		BB542AA62A5FBEFA00271C1D = {
			isa = PBXGroup;
			children = (
				BB542AB12A5FBEFA00271C1D /* Go-ToDo */,
				BB542AB02A5FBEFA00271C1D /* Products */,
			);
			sourceTree = "<group>";
		};
		BB542AB02A5FBEFA00271C1D /* Products */ = {
			isa = PBXGroup;
			children = (
				BB542AAF2A5FBEFA00271C1D /* Go-ToDo.app */,
			);
			name = Products;
			sourceTree = "<group>";
		};
		BB542AB12A5FBEFA00271C1D /* Go-ToDo */ = {
			isa = PBXGroup;
			children = (
				BB542AB22A5FBEFA00271C1D /* AppDelegate.swift */,
				BB46A4782A5FC71400ACB5D8 /* ToDoViewController.swift */,
				BB46A47C2A5FCA7200ACB5D8 /* ToDoItem.swift */,
				BB46A47A2A5FC98B00ACB5D8 /* ToDoTableCellView.swift */,
				BB542AB62A5FBEFB00271C1D /* Assets.xcassets */,
				BB542AB82A5FBEFB00271C1D /* Main.storyboard */,
				BB46A47E2A5FD21200ACB5D8 /* AddToDoViewController.swift */,
				BB542ABB2A5FBEFB00271C1D /* Go_ToDo.entitlements */,
			);
			path = "Go-ToDo";
			sourceTree = "<group>";
		};
/* End PBXGroup section */

/* Begin PBXNativeTarget section */
		BB542AAE2A5FBEFA00271C1D /* Go-ToDo */ = {
			isa = PBXNativeTarget;
			buildConfigurationList = BB542ABE2A5FBEFB00271C1D /* Build configuration list for PBXNativeTarget "Go-ToDo" */;
			buildPhases = (
				BB542AAB2A5FBEFA00271C1D /* Sources */,
				BB542AAC2A5FBEFA00271C1D /* Frameworks */,
				BB542AAD2A5FBEFA00271C1D /* Resources */,
			);
			buildRules = (
			);
			dependencies = (
			);
			name = "Go-ToDo";
			productName = "Go-ToDo";
			productReference = BB542AAF2A5FBEFA00271C1D /* Go-ToDo.app */;
			productType = "com.apple.product-type.application";
		};
/* End PBXNativeTarget section */

/* Begin PBXProject section */
		BB542AA72A5FBEFA00271C1D /* Project object */ = {
			isa = PBXProject;
			attributes = {
				BuildIndependentTargetsInParallel = 1;
				LastSwiftUpdateCheck = 1430;
				LastUpgradeCheck = 1430;
				TargetAttributes = {
					BB542AAE2A5FBEFA00271C1D = {
						CreatedOnToolsVersion = 14.3.1;
					};
				};
			};
			buildConfigurationList = BB542AAA2A5FBEFA00271C1D /* Build configuration list for PBXProject "Go-ToDo" */;
			compatibilityVersion = "Xcode 14.0";
			developmentRegion = en;
			hasScannedForEncodings = 0;
			knownRegions = (
				en,
				Base,
			);
			mainGroup = BB542AA62A5FBEFA00271C1D;
			productRefGroup = BB542AB02A5FBEFA00271C1D /* Products */;
			projectDirPath = "";
			projectRoot = "";
			targets = (
				BB542AAE2A5FBEFA00271C1D /* Go-ToDo */,
			);
		};
/* End PBXProject section */

/* Begin PBXResourcesBuildPhase section */
		BB542AAD2A5FBEFA00271C1D /* Resources */ = {
			isa = PBXResourcesBuildPhase;
			buildActionMask = 2147483647;
			files = (
				BB542AB72A5FBEFB00271C1D /* Assets.xcassets in Resources */,
				BB542ABA2A5FBEFB00271C1D /* Main.storyboard in Resources */,
			);
			runOnlyForDeploymentPostprocessing = 0;
		};
/* End PBXResourcesBuildPhase section */

/* Begin PBXSourcesBuildPhase section */
		BB542AAB2A5FBEFA00271C1D /* Sources */ = {
			isa = PBXSourcesBuildPhase;
			buildActionMask = 2147483647;
			files = (
				BB46A4792A5FC71400ACB5D8 /* ToDoViewController.swift in Sources */,
				BB46A47B2A5FC98B00ACB5D8 /* ToDoTableCellView.swift in Sources */,
				BB46A47F2A5FD21200ACB5D8 /* AddToDoViewController.swift in Sources */,
				BB46A47D2A5FCA7200ACB5D8 /* ToDoItem.swift in Sources */,
				BB542AB32A5FBEFA00271C1D /* AppDelegate.swift in Sources */,
			);
			runOnlyForDeploymentPostprocessing = 0;
		};
/* End PBXSourcesBuildPhase section */

/* Begin PBXVariantGroup section */
		BB542AB82A5FBEFB00271C1D /* Main.storyboard */ = {
			isa = PBXVariantGroup;
			children = (
				BB542AB92A5FBEFB00271C1D /* Base */,
			);
			name = Main.storyboard;
			sourceTree = "<group>";
		};
/* End PBXVariantGroup section */

/* Begin XCBuildConfiguration section */
		BB542ABC2A5FBEFB00271C1D /* Debug */ = {
			isa = XCBuildConfiguration;
			buildSettings = {
				ALWAYS_SEARCH_USER_PATHS = NO;
				CLANG_ANALYZER_NONNULL = YES;
				CLANG_ANALYZER_NUMBER_OBJECT_CONVERSION = YES_AGGRESSIVE;
				CLANG_CXX_LANGUAGE_STANDARD = "gnu++20";
				CLANG_ENABLE_MODULES = YES;
				CLANG_ENABLE_OBJC_ARC = YES;
				CLANG_ENABLE_OBJC_WEAK = YES;
				CLANG_WARN_BLOCK_CAPTURE_AUTORELEASING = YES;
				CLANG_WARN_BOOL_CONVERSION = YES;
				CLANG_WARN_COMMA = YES;
				CLANG_WARN_CONSTANT_CONVERSION = YES;
				CLANG_WARN_DEPRECATED_OBJC_IMPLEMENTATIONS = YES;
				CLANG_WARN_DIRECT_OBJC_ISA_USAGE = YES_ERROR;
				CLANG_WARN_DOCUMENTATION_COMMENTS = YES;
				CLANG_WARN_EMPTY_BODY = YES;
				CLANG_WARN_ENUM_CONVERSION = YES;
				CLANG_WARN_INFINITE_RECURSION = YES;
				CLANG_WARN_INT_CONVERSION = YES;
				CLANG_WARN_NON_LITERAL_NULL_CONVERSION = YES;
				CLANG_WARN_OBJC_IMPLICIT_RETAIN_SELF = YES;
				CLANG_WARN_OBJC_LITERAL_CONVERSION = YES;
				CLANG_WARN_OBJC_ROOT_CLASS = YES_ERROR;
				CLANG_WARN_QUOTED_INCLUDE_IN_FRAMEWORK_HEADER = YES;
				CLANG_WARN_RANGE_LOOP_ANALYSIS = YES;
				CLANG_WARN_STRICT_PROTOTYPES = YES;
				CLANG_WARN_SUSPICIOUS_MOVE = YES;
				CLANG_WARN_UNGUARDED_AVAILABILITY = YES_AGGRESSIVE;
				CLANG_WARN_UNREACHABLE_CODE = YES;
				CLANG_WARN__DUPLICATE_METHOD_MATCH = YES;
				COPY_PHASE_STRIP = NO;
				DEBUG_INFORMATION_FORMAT = dwarf;
				ENABLE_STRICT_OBJC_MSGSEND = YES;
				ENABLE_TESTABILITY = YES;
				GCC_C_LANGUAGE_STANDARD = gnu11;
				GCC_DYNAMIC_NO_PIC = NO;
				GCC_NO_COMMON_BLOCKS = YES;
				GCC_OPTIMIZATION_LEVEL = 0;
				GCC_PREPROCESSOR_DEFINITIONS = (
					"DEBUG=1",
					"$(inherited)",
				);
				GCC_WARN_64_TO_32_BIT_CONVERSION = YES;
				GCC_WARN_ABOUT_RETURN_TYPE = YES_ERROR;
				GCC_WARN_UNDECLARED_SELECTOR = YES;
				GCC_WARN_UNINITIALIZED_AUTOS = YES_AGGRESSIVE;
				GCC_WARN_UNUSED_FUNCTION = YES;
				GCC_WARN_UNUSED_VARIABLE = YES;
				MACOSX_DEPLOYMENT_TARGET = 13.3;
				MTL_ENABLE_DEBUG_INFO = INCLUDE_SOURCE;
				MTL_FAST_MATH = YES;
				ONLY_ACTIVE_ARCH = YES;
				SDKROOT = macosx;
				SWIFT_ACTIVE_COMPILATION_CONDITIONS = DEBUG;
				SWIFT_OPTIMIZATION_LEVEL = "-Onone";
			};
			name = Debug;
		};
		BB542ABD2A5FBEFB00271C1D /* Release */ = {
			isa = XCBuildConfiguration;
			buildSettings = {
				ALWAYS_SEARCH_USER_PATHS = NO;
				CLANG_ANALYZER_NONNULL = YES;
				CLANG_ANALYZER_NUMBER_OBJECT_CONVERSION = YES_AGGRESSIVE;
				CLANG_CXX_LANGUAGE_STANDARD = "gnu++20";
				CLANG_ENABLE_MODULES = YES;
				CLANG_ENABLE_OBJC_ARC = YES;
				CLANG_ENABLE_OBJC_WEAK = YES;
				CLANG_WARN_BLOCK_CAPTURE_AUTORELEASING = YES;
				CLANG_WARN_BOOL_CONVERSION = YES;
				CLANG_WARN_COMMA = YES;
				CLANG_WARN_CONSTANT_CONVERSION = YES;
				CLANG_WARN_DEPRECATED_OBJC_IMPLEMENTATIONS = YES;
				CLANG_WARN_DIRECT_OBJC_ISA_USAGE = YES_ERROR;
				CLANG_WARN_DOCUMENTATION_COMMENTS = YES;
				CLANG_WARN_EMPTY_BODY = YES;
				CLANG_WARN_ENUM_CONVERSION = YES;
				CLANG_WARN_INFINITE_RECURSION = YES;
				CLANG_WARN_INT_CONVERSION = YES;
				CLANG_WARN_NON_LITERAL_NULL_CONVERSION = YES;
				CLANG_WARN_OBJC_IMPLICIT_RETAIN_SELF = YES;
				CLANG_WARN_OBJC_LITERAL_CONVERSION = YES;
				CLANG_WARN_OBJC_ROOT_CLASS = YES_ERROR;
				CLANG_WARN_QUOTED_INCLUDE_IN_FRAMEWORK_HEADER = YES;
				CLANG_WARN_RANGE_LOOP_ANALYSIS = YES;
				CLANG_WARN_STRICT_PROTOTYPES = YES;
				CLANG_WARN_SUSPICIOUS_MOVE = YES;
				CLANG_WARN_UNGUARDED_AVAILABILITY = YES_AGGRESSIVE;
				CLANG_WARN_UNREACHABLE_CODE = YES;
				CLANG_WARN__DUPLICATE_METHOD_MATCH = YES;
				COPY_PHASE_STRIP = NO;
				DEBUG_INFORMATION_FORMAT = "dwarf-with-dsym";
				ENABLE_NS_ASSERTIONS = NO;
				ENABLE_STRICT_OBJC_MSGSEND = YES;
				GCC_C_LANGUAGE_STANDARD = gnu11;
				GCC_NO_COMMON_BLOCKS = YES;
				GCC_WARN_64_TO_32_BIT_CONVERSION = YES;
				GCC_WARN_ABOUT_RETURN_TYPE = YES_ERROR;
				GCC_WARN_UNDECLARED_SELECTOR = YES;
				GCC_WARN_UNINITIALIZED_AUTOS = YES_AGGRESSIVE;
				GCC_WARN_UNUSED_FUNCTION = YES;
				GCC_WARN_UNUSED_VARIABLE = YES;
				MACOSX_DEPLOYMENT_TARGET = 13.3;
				MTL_ENABLE_DEBUG_INFO = NO;
				MTL_FAST_MATH = YES;
				SDKROOT = macosx;
				SWIFT_COMPILATION_MODE = wholemodule;
				SWIFT_OPTIMIZATION_LEVEL = "-O";
			};
			name = Release;
		};
		BB542ABF2A5FBEFB00271C1D /* Debug */ = {
			isa = XCBuildConfiguration;
			buildSettings = {
				ASSETCATALOG_COMPILER_APPICON_NAME = AppIcon;
				ASSETCATALOG_COMPILER_GLOBAL_ACCENT_COLOR_NAME = AccentColor;
				CODE_SIGN_ENTITLEMENTS = "Go-ToDo/Go_ToDo.entitlements";
				CODE_SIGN_STYLE = Automatic;
				COMBINE_HIDPI_IMAGES = YES;
				CURRENT_PROJECT_VERSION = 1;
				GENERATE_INFOPLIST_FILE = YES;
				INFOPLIST_KEY_NSHumanReadableCopyright = "";
				INFOPLIST_KEY_NSMainStoryboardFile = Main;
				INFOPLIST_KEY_NSPrincipalClass = NSApplication;
				LD_RUNPATH_SEARCH_PATHS = (
					"$(inherited)",
					"@executable_path/../Frameworks",
				);
				MARKETING_VERSION = 1.0;
				PRODUCT_BUNDLE_IDENTIFIER = "com.gokila.Go-ToDo";
				PRODUCT_NAME = "$(TARGET_NAME)";
				SWIFT_EMIT_LOC_STRINGS = YES;
				SWIFT_VERSION = 5.0;
			};
			name = Debug;
		};
		BB542AC02A5FBEFB00271C1D /* Release */ = {
			isa = XCBuildConfiguration;
			buildSettings = {
				ASSETCATALOG_COMPILER_APPICON_NAME = AppIcon;
				ASSETCATALOG_COMPILER_GLOBAL_ACCENT_COLOR_NAME = AccentColor;
				CODE_SIGN_ENTITLEMENTS = "Go-ToDo/Go_ToDo.entitlements";
				CODE_SIGN_STYLE = Automatic;
				COMBINE_HIDPI_IMAGES = YES;
				CURRENT_PROJECT_VERSION = 1;
				GENERATE_INFOPLIST_FILE = YES;
				INFOPLIST_KEY_NSHumanReadableCopyright = "";
				INFOPLIST_KEY_NSMainStoryboardFile = Main;
				INFOPLIST_KEY_NSPrincipalClass = NSApplication;
				LD_RUNPATH_SEARCH_PATHS = (
					"$(inherited)",
					"@executable_path/../Frameworks",
				);
				MARKETING_VERSION = 1.0;
				PRODUCT_BUNDLE_IDENTIFIER = "com.gokila.Go-ToDo";
				PRODUCT_NAME = "$(TARGET_NAME)";
				SWIFT_EMIT_LOC_STRINGS = YES;
				SWIFT_VERSION = 5.0;
			};
			name = Release;
		};
/* End XCBuildConfiguration section */

/* Begin XCConfigurationList section */
		BB542AAA2A5FBEFA00271C1D /* Build configuration list for PBXProject "Go-ToDo" */ = {
			isa = XCConfigurationList;
			buildConfigurations = (
				BB542ABC2A5FBEFB00271C1D /* Debug */,
				BB542ABD2A5FBEFB00271C1D /* Release */,
			);
			defaultConfigurationIsVisible = 0;
			defaultConfigurationName = Release;
		};
		BB542ABE2A5FBEFB00271C1D /* Build configuration list for PBXNativeTarget "Go-ToDo" */ = {
			isa = XCConfigurationList;
			buildConfigurations = (
				BB542ABF2A5FBEFB00271C1D /* Debug */,
				BB542AC02A5FBEFB00271C1D /* Release */,
			);
			defaultConfigurationIsVisible = 0;
			defaultConfigurationName = Release;
		};
/* End XCConfigurationList section */
	};
	rootObject = BB542AA72A5FBEFA00271C1D /* Project object */;
}
